
Microsoft Visual Studio Solution File, Format Version 12.00
# Visual Studio Version 17
VisualStudioVersion = 17.12.35527.113
MinimumVisualStudioVersion = 10.0.40219.1
Project("{2150E333-8FDC-42A3-9474-1A3956D46DE8}") = "FrontEnd", "FrontEnd", "{0D1974F6-020F-4E63-8289-74EED33C5D08}"
EndProject
Project("{2150E333-8FDC-42A3-9474-1A3956D46DE8}") = "Gateway", "Gateway", "{3AD967A4-FCF2-4D95-BB2D-4CC03B3D6A74}"
EndProject
Project("{2150E333-8FDC-42A3-9474-1A3956D46DE8}") = "Integration", "Integration", "{2EA47D98-A18C-4A64-88BD-B2BBD6DED5FB}"
EndProject
Project("{2150E333-8FDC-42A3-9474-1A3956D46DE8}") = "Services", "Services", "{5E663DA3-E85C-40F1-B4BA-16F0E2242C56}"
EndProject
Project("{FAE04EC0-301F-11D3-BF4B-00C04F79EFBC}") = "Mango.Services.CouponAPI", "Mango.Services.CouponAPI\Mango.Services.CouponAPI.csproj", "{3D8970BB-9399-45F4-A00B-4F2C2789F18B}"
EndProject
Project("{FAE04EC0-301F-11D3-BF4B-00C04F79EFBC}") = "Mango.Web", "Mango.Web\Mango.Web.csproj", "{0F6791AC-3838-4FAC-89B7-6A7556C6C521}"
EndProject
Global
	GlobalSection(SolutionConfigurationPlatforms) = preSolution
		Debug|Any CPU = Debug|Any CPU
		Release|Any CPU = Release|Any CPU
	EndGlobalSection
	GlobalSection(ProjectConfigurationPlatforms) = postSolution
		{3D8970BB-9399-45F4-A00B-4F2C2789F18B}.Debug|Any CPU.ActiveCfg = Debug|Any CPU
		{3D8970BB-9399-45F4-A00B-4F2C2789F18B}.Debug|Any CPU.Build.0 = Debug|Any CPU
		{3D8970BB-9399-45F4-A00B-4F2C2789F18B}.Release|Any CPU.ActiveCfg = Release|Any CPU
		{3D8970BB-9399-45F4-A00B-4F2C2789F18B}.Release|Any CPU.Build.0 = Release|Any CPU
		{0F6791AC-3838-4FAC-89B7-6A7556C6C521}.Debug|Any CPU.ActiveCfg = Debug|Any CPU
		{0F6791AC-3838-4FAC-89B7-6A7556C6C521}.Debug|Any CPU.Build.0 = Debug|Any CPU
		{0F6791AC-3838-4FAC-89B7-6A7556C6C521}.Release|Any CPU.ActiveCfg = Release|Any CPU
		{0F6791AC-3838-4FAC-89B7-6A7556C6C521}.Release|Any CPU.Build.0 = Release|Any CPU
	EndGlobalSection
	GlobalSection(SolutionProperties) = preSolution
		HideSolutionNode = FALSE
	EndGlobalSection
	GlobalSection(NestedProjects) = preSolution
		{3D8970BB-9399-45F4-A00B-4F2C2789F18B} = {5E663DA3-E85C-40F1-B4BA-16F0E2242C56}
		{0F6791AC-3838-4FAC-89B7-6A7556C6C521} = {0D1974F6-020F-4E63-8289-74EED33C5D08}
	EndGlobalSection
EndGlobal
